
Microsoft Visual Studio Solution File, Format Version 12.00
# Visual Studio Version 17
VisualStudioVersion = 17.7.34202.233
MinimumVisualStudioVersion = 10.0.40219.1
Project("{FAE04EC0-301F-11D3-BF4B-00C04F79EFBC}") = "SeleniumExample", "SeleniumExample\SeleniumExample.csproj", "{816DC469-B869-471A-97E9-48FB386DAA6E}"
EndProject
Project("{FAE04EC0-301F-11D3-BF4B-00C04F79EFBC}") = "SeleniumNunitExample", "SeleniumNunitExample\SeleniumNunitExample.csproj", "{2CE5CA39-4C0F-4E6B-A833-2E7F701A938D}"
EndProject
Project("{FAE04EC0-301F-11D3-BF4B-00C04F79EFBC}") = "Assignment", "Assignment\Assignment.csproj", "{5749B0BD-7CBE-4AE8-98CC-BBD3F76F2CD5}"
EndProject
Global
	GlobalSection(SolutionConfigurationPlatforms) = preSolution
		Debug|Any CPU = Debug|Any CPU
		Release|Any CPU = Release|Any CPU
	EndGlobalSection
	GlobalSection(ProjectConfigurationPlatforms) = postSolution
		{816DC469-B869-471A-97E9-48FB386DAA6E}.Debug|Any CPU.ActiveCfg = Debug|Any CPU
		{816DC469-B869-471A-97E9-48FB386DAA6E}.Debug|Any CPU.Build.0 = Debug|Any CPU
		{816DC469-B869-471A-97E9-48FB386DAA6E}.Release|Any CPU.ActiveCfg = Release|Any CPU
		{816DC469-B869-471A-97E9-48FB386DAA6E}.Release|Any CPU.Build.0 = Release|Any CPU
		{2CE5CA39-4C0F-4E6B-A833-2E7F701A938D}.Debug|Any CPU.ActiveCfg = Debug|Any CPU
		{2CE5CA39-4C0F-4E6B-A833-2E7F701A938D}.Debug|Any CPU.Build.0 = Debug|Any CPU
		{2CE5CA39-4C0F-4E6B-A833-2E7F701A938D}.Release|Any CPU.ActiveCfg = Release|Any CPU
		{2CE5CA39-4C0F-4E6B-A833-2E7F701A938D}.Release|Any CPU.Build.0 = Release|Any CPU
		{5749B0BD-7CBE-4AE8-98CC-BBD3F76F2CD5}.Debug|Any CPU.ActiveCfg = Debug|Any CPU
		{5749B0BD-7CBE-4AE8-98CC-BBD3F76F2CD5}.Debug|Any CPU.Build.0 = Debug|Any CPU
		{5749B0BD-7CBE-4AE8-98CC-BBD3F76F2CD5}.Release|Any CPU.ActiveCfg = Release|Any CPU
		{5749B0BD-7CBE-4AE8-98CC-BBD3F76F2CD5}.Release|Any CPU.Build.0 = Release|Any CPU
	EndGlobalSection
	GlobalSection(SolutionProperties) = preSolution
		HideSolutionNode = FALSE
	EndGlobalSection
	GlobalSection(ExtensibilityGlobals) = postSolution
		SolutionGuid = {F22A1607-3F58-41E7-8B3A-1F736B03D412}
	EndGlobalSection
EndGlobal
